{
  "lockfileVersion": 1,
  "configVersion": 1,
  "workspaces": {
    "": {
      "name": "userscripts",
      "devDependencies": {
        "@biomejs/biome": "2.5.13",
        "@gameroman/config": "0.3.0",
      },
    },
    "packages/usts": {
      "name": "usts",
      "version": "0.1.1",
      "bin": {
        "usts": "./dist/cli.mjs",
      },
      "dependencies": {
        "rolldown": "^1.2.0",
        "zod": "^4.4.3",
      },
      "devDependencies": {
        "tsdown": "0.23.0",
      },
    },
  },
  "overrides": {
    "rolldown": "1.2.8",
  },
  "packages": {
    "@biomejs/biome": ["@biomejs/biome@2.5.13", "", { "optionalDependencies": { "@biomejs/cli-darwin-arm64": "2.5.13", "@biomejs/cli-darwin-x64": "2.5.13", "@biomejs/cli-linux-arm64": "2.5.13", "@biomejs/cli-linux-arm64-musl": "2.5.13", "@biomejs/cli-linux-x64": "2.5.13", "@biomejs/cli-linux-x64-musl": "2.5.13", "@biomejs/cli-win32-arm64": "2.5.13", "@biomejs/cli-win32-x64": "2.5.13" }, "bin": { "biome": "bin/biome" } }, "sha512-+SEC/mFk1a+5mvUANZgbZTaiZXs1nj4iMhL/PHiqDT5TPUEPFIlliEtkKKZB4N862yylHC3UI+/Sj2I0HJEqhA=="],

    "@biomejs/cli-darwin-arm64": ["@biomejs/cli-darwin-arm64@2.5.13", "", { "os": "darwin", "cpu": "arm64" }, "sha512-nYSuDJ6zgVqZUkAkJkvhXxsF2PYIrUk/g638K4voCXz7foI9f7b6C2/7+oAihsHQlivZNMUrm/y8ywlcHQtZOw=="],

    "@biomejs/cli-darwin-x64": ["@biomejs/cli-darwin-x64@2.5.13", "", { "os": "darwin", "cpu": "x64" }, "sha512-KVy1ceEDuJ3AzFxjT9kkxbVy+UANw1pjEMUS6lvKfxjJ+fmkRvc7sQn1Xo6ETgseEI7wUQoV03KSga3XfE8YRQ=="],

    "@biomejs/cli-linux-arm64": ["@biomejs/cli-linux-arm64@2.5.13", "", { "os": "linux", "cpu": "arm64" }, "sha512-VlNMtoxOqs0dUR6drxxHr18SNUvI7xxAuHZlH4s/dstYSf3g6RaqVgo8JRnhcOhKz9afWrvtJTboNG1JuYlIDQ=="],

    "@biomejs/cli-linux-arm64-musl": ["@biomejs/cli-linux-arm64-musl@2.5.13", "", { "os": "linux", "cpu": "arm64" }, "sha512-CH32xpep3dNS5EVJpAHlYchkBYznxyVZQrx0b6YYYlPL9u9ZeD2NtqiK/6s64+HFS2a7hGnryLlqqZAOh8ax5g=="],

    "@biomejs/cli-linux-x64": ["@biomejs/cli-linux-x64@2.5.13", "", { "os": "linux", "cpu": "x64" }, "sha512-Fi6gIxbUaJ3ZCIXeG3ggIBPF76O2DjDN67WrPX/ODRv54GeXPm2gbEPC96Yb0yrJoiH0Eax1JLx1Pi0XbsNFZQ=="],

    "@biomejs/cli-linux-x64-musl": ["@biomejs/cli-linux-x64-musl@2.5.13", "", { "os": "linux", "cpu": "x64" }, "sha512-F3pmwl+VHoUuVJN/tbNLKeLt0SVK3EIyN1jXlMcNyQGYRQQTVqXF+GgkP0/CjGXFN87e/mv0sBfUnWqWza5PKQ=="],

    "@biomejs/cli-win32-arm64": ["@biomejs/cli-win32-arm64@2.5.13", "", { "os": "win32", "cpu": "arm64" }, "sha512-+WD13qshXrr0Icv4BfsAdzm8Fs3TL+nZ59zEQxsYNd8lcgZJ0A5+OrlwsL1PipVCmWeRpxgIPD6DAcEd7smkCQ=="],

    "@biomejs/cli-win32-x64": ["@biomejs/cli-win32-x64@2.5.13", "", { "os": "win32", "cpu": "x64" }, "sha512-VOofU/nW761XWzUeUNE8zzYNyPrxuMuNFMizL0qz7J75yeV8N7WFheUlk1/K6dOkaFpH9wJ+lDKlwjAbw0346w=="],

    "@gameroman/config": ["@gameroman/config@0.3.0", "", { "peerDependencies": { "@biomejs/biome": "^2.5.12", "oxfmt": ">=0.67.0", "oxlint": "^1.82.0", "oxlint-tsgolint": "^0.25.0 || ^7.0.2001", "typescript": "^6.0.3 || ^7.0.2" }, "optionalPeers": ["@biomejs/biome", "oxfmt", "oxlint", "oxlint-tsgolint", "typescript"] }, "sha512-UOpT40OTXiIz6P9kh+tw7GDTu1Ty6O5HGMI5aSsjs09YpB7iorPdhZXOCLEqwG0TwB5bon7nQCB7o6XxBQUsmA=="],

    "@oxc-project/types": ["@oxc-project/types@0.149.0", "", {}, "sha512-Efcc+iF0j3Bf67YjEqIqWXbX5XddXoK/Mw4K1/JuXwRCZ8N16VR7iT23nlCc9XrveFVh/E5Rqs2StT0V8v9LdA=="],

    "@quansync/fs": ["@quansync/fs@1.0.0", "", { "dependencies": { "quansync": "^1.0.0" } }, "sha512-4TJ3DFtlf1L5LDMaM6CanJ/0lckGNtJcMjQ1NAV6zDmA0tEHKZtxNKin8EgPaVX1YzljbxckyT2tJrpQKAtngQ=="],

    "@rolldown/binding-android-arm-eabi": ["@rolldown/binding-android-arm-eabi@1.2.8", "", { "os": "android", "cpu": "arm" }, "sha512-tN5aztYkKCte4i5SIrrz5yK/HMjEuCqCSCJa418jOV8tZ1cBY3YF2otxB1ktPxzsLA1BeTqwapK0bfjxNvHJVw=="],

    "@rolldown/binding-android-arm64": ["@rolldown/binding-android-arm64@1.2.8", "", { "os": "android", "cpu": "arm64" }, "sha512-dIYTWl9XprMUiQFoc55KUyk/oS8SKYH3zFl0LTR7RT0Xj4hgSVyuJcroH8JUu8RcpF8fTB6E0aOwCkZoYPcDSQ=="],

    "@rolldown/binding-darwin-arm64": ["@rolldown/binding-darwin-arm64@1.2.8", "", { "os": "darwin", "cpu": "arm64" }, "sha512-PCSDQGXD2IyTEFrcgPyBM8jJuGmrbCMuoIOXdbEGVemruKACXoLQJrb+A45Z0L5t1RQkdfJprAYPkikbh7dzdA=="],

    "@rolldown/binding-darwin-x64": ["@rolldown/binding-darwin-x64@1.2.8", "", { "os": "darwin", "cpu": "x64" }, "sha512-Uk7lRsGhPFHVX/sAUC6D5H9Ol30dFHd6iquokll2th3LpdJ3F5CzQB+7DHn0Ri2mG+U7k2zXiPHDrwZenXhwSA=="],

    "@rolldown/binding-freebsd-x64": ["@rolldown/binding-freebsd-x64@1.2.8", "", { "os": "freebsd", "cpu": "x64" }, "sha512-DjszaTEVogPqA5bYzsEeqDCQxbcp2fexQwKcRspYji2yzR68fCf+e4fx6kBSRDwX5/brZaHw/hWS9+A/+/w9sQ=="],

    "@rolldown/binding-linux-arm-gnueabihf": ["@rolldown/binding-linux-arm-gnueabihf@1.2.8", "", { "os": "linux", "cpu": "arm" }, "sha512-zmwa7FTmdzB6aaEEuuls18H6Ap5JmJPSoPTuXixeJZV6tG40SyLkApQtz1g8ptZtiEKqj9OM0oNLPh1AgvE31Q=="],

    "@rolldown/binding-linux-arm64-gnu": ["@rolldown/binding-linux-arm64-gnu@1.2.8", "", { "os": "linux", "cpu": "arm64" }, "sha512-KdYQDPHwJVnbFwdTGMgxsI9SqblBlz6STGM+w1We/d5B8OWWidYH0MwkU/uA1wM5fIpO2MkOVxXrNzzuZhw9ew=="],

    "@rolldown/binding-linux-arm64-musl": ["@rolldown/binding-linux-arm64-musl@1.2.8", "", { "os": "linux", "cpu": "arm64" }, "sha512-jFJTifHnNPY+yzOoNZQfSIysrVyXzEQPhPnOUjmD1bcQGHH6s7c8cViKWar8YplQImE5N9JRqMCLrM2CdxOrZA=="],

    "@rolldown/binding-linux-ppc64-gnu": ["@rolldown/binding-linux-ppc64-gnu@1.2.8", "", { "os": "linux", "cpu": "ppc64" }, "sha512-FhiOziBDWPBjbcmRzfLyIJnaP7AVMFXT7YCXPjXxj7wKU3vx24RjrCNN/zjvVa+N2vVoHJwCoUBvsrN/DG3zIA=="],

    "@rolldown/binding-linux-s390x-gnu": ["@rolldown/binding-linux-s390x-gnu@1.2.8", "", { "os": "linux", "cpu": "s390x" }, "sha512-WnHfADMzOV2Y55wlx1hzzQnar/wDt/VdvWSD99r18Mz9ylNieIGOkRx3UV21h7m/eJvjySYJkO26VvGNFkwsIQ=="],

    "@rolldown/binding-linux-x64-gnu": ["@rolldown/binding-linux-x64-gnu@1.2.8", "", { "os": "linux", "cpu": "x64" }, "sha512-H9tRr5ibfXFVLxbPOseVewewFpl28zcEdjRDt2FTUZU7odxP0gEv1ki4/kGmcGOh78oRwZuuQllGLZ9zTJp84g=="],

    "@rolldown/binding-linux-x64-musl": ["@rolldown/binding-linux-x64-musl@1.2.8", "", { "os": "linux", "cpu": "x64" }, "sha512-UefiqfM3D6IVNlZ8tSGs9+Ejjud2T+oxO0IHADU45Y+lyEjD2dVFyZHbkfX0LUb5Zugo/oIv1eCO/KVYhgYJYA=="],

    "@rolldown/binding-openharmony-arm64": ["@rolldown/binding-openharmony-arm64@1.2.8", "", { "os": "none", "cpu": "arm64" }, "sha512-637Ke4kWSy6rp9cxQ9gMOXlxPgIw/c1beASV4M//3+9I4uwBVOOl74G+e3zyU3u19U7RkRl/HuewixZ/Z6+Rjg=="],

    "@rolldown/binding-win32-arm64-msvc": ["@rolldown/binding-win32-arm64-msvc@1.2.8", "", { "os": "win32", "cpu": "arm64" }, "sha512-xWBkPOF1Q9k/Gv1nQXnVdLxKu74jXppuOM4Z3mnypVUJJJwLsMl7hNJGRAUJoG8A5MgOI1ACKM+wBFxSJzKy4A=="],

    "@rolldown/binding-win32-x64-msvc": ["@rolldown/binding-win32-x64-msvc@1.2.8", "", { "os": "win32", "cpu": "x64" }, "sha512-uz2ZvfgXbxqNwijjjbxrnvALwpyODDcgc1T1N8N3rf/DXKQmaFwmB4LX4yyjggpwN2obdQLb2rgirX5ffCWYng=="],

    "@rolldown/pluginutils": ["@rolldown/pluginutils@1.0.1", "", {}, "sha512-2j9bGt5Jh8hj+vPtgzPtl72j0yRxHAyumoo6TNfAjsLB04UtpSvPbPcDcBMxz7n+9CYB0c1GxQFxYRg2jimqGw=="],

    "@yuku-codegen/binding-android-arm64": ["@yuku-codegen/binding-android-arm64@0.9.3", "", { "os": "android", "cpu": "arm64" }, "sha512-viote6xAyL5cKLquV2X2wRfopSckH+msDYbaI8Hh8JAaogYs8MJZVRUbSrbsY29TaPrIFZwNRwQ8+YSxs0dkGw=="],

    "@yuku-codegen/binding-darwin-arm64": ["@yuku-codegen/binding-darwin-arm64@0.9.3", "", { "os": "darwin", "cpu": "arm64" }, "sha512-y2PGOLyxc724EJ+Et/5PxGfutQuV1Z2J9cxHo6W1I5CR3nk0i03J4yPrnw6rNJOfrtlISzcc7q0RrSyfPndpIg=="],

    "@yuku-codegen/binding-darwin-x64": ["@yuku-codegen/binding-darwin-x64@0.9.3", "", { "os": "darwin", "cpu": "x64" }, "sha512-xZ9UpXUOLmsrKVUp7MRXxWU3drNiilRC42OLpjWEhnOehIGVF1bZgzHcqRYJxVyU53RMrkRMsaxplkGd6Qo/ow=="],

    "@yuku-codegen/binding-freebsd-x64": ["@yuku-codegen/binding-freebsd-x64@0.9.3", "", { "os": "freebsd", "cpu": "x64" }, "sha512-RGCYSZw3VonreVTpur9iOfnbMngR2/f7UOE7gwcDx5WoHjIhtmTK9EIq9qs78ARdMFAPzKp5OzHljl5QMaGJ7g=="],

    "@yuku-codegen/binding-linux-arm-gnu": ["@yuku-codegen/binding-linux-arm-gnu@0.9.3", "", { "os": "linux", "cpu": "arm" }, "sha512-kjIJIw39GSPTF0hnq+jnM0tR+J5WlariAAWetxMtawNskITDT1ZigaK3YF5hMhDz2mAofaM1t+63qtx+7aXjeg=="],

    "@yuku-codegen/binding-linux-arm-musl": ["@yuku-codegen/binding-linux-arm-musl@0.9.3", "", { "os": "linux", "cpu": "arm" }, "sha512-TVHeVdzaS4ub86URrQufiy4t01ZtdyKDZ5sTPqWFKAUbQJ7rQ0o5vIT+/jCeHQbP+Yf9p5peRdmPbcZewoDNiA=="],

    "@yuku-codegen/binding-linux-arm64-gnu": ["@yuku-codegen/binding-linux-arm64-gnu@0.9.3", "", { "os": "linux", "cpu": "arm64" }, "sha512-9aQeeLh1qaCa2GcyzHnwLKGfFrsI+KOyhnh4+fICSq5kyhzCWQfXVCCK4RTEZPLcyuVwfN5Id0JEYavRN4oNTQ=="],

    "@yuku-codegen/binding-linux-arm64-musl": ["@yuku-codegen/binding-linux-arm64-musl@0.9.3", "", { "os": "linux", "cpu": "arm64" }, "sha512-TLXA5Hd1nr8VSP2MtxcFddsBIHj+DPpyG5eberEGMATndgG7STlKQmle51MV0MZ8UgsdYM6CybIVpzlCPQwP9w=="],

    "@yuku-codegen/binding-linux-x64-gnu": ["@yuku-codegen/binding-linux-x64-gnu@0.9.3", "", { "os": "linux", "cpu": "x64" }, "sha512-tk0BFbF3Clb9k9biPH3qmr+Qwk24rRM26+HY91hYXmZlzlepZG0scQ6OffZFWtzwKE5JjlZpMdcWj1lTiHbEjA=="],

    "@yuku-codegen/binding-linux-x64-musl": ["@yuku-codegen/binding-linux-x64-musl@0.9.3", "", { "os": "linux", "cpu": "x64" }, "sha512-xo+pXshsCXruEEkDMbwHqkeTyC4XHb6A6oXr6x2YK3jOMcS5kZz0e26BmTCr40J0nY/K3ysmwG9R1xHygtiuwQ=="],

    "@yuku-codegen/binding-win32-arm64": ["@yuku-codegen/binding-win32-arm64@0.9.3", "", { "os": "win32", "cpu": "arm64" }, "sha512-70gAQo6HZzMgIJTjeMZOEO2XaRj4GcNGP/n81R9tXQv0x8d4ZHnZDv+ygeWfHo+xchAUPwpnrVZA4p6RhJa3GQ=="],

    "@yuku-codegen/binding-win32-x64": ["@yuku-codegen/binding-win32-x64@0.9.3", "", { "os": "win32", "cpu": "x64" }, "sha512-7Hz3NGlq6qBBR8zMEk6GMZivofNjnYZpMXSoUwUgz9Ur2LaivuP23HQh0ern+T6HVkTJEvilw4VJrg1rX1Ugcg=="],

    "@yuku-parser/binding-android-arm64": ["@yuku-parser/binding-android-arm64@0.9.3", "", { "os": "android", "cpu": "arm64" }, "sha512-z3tDGTaUXD5Q4IuebFOY/QHxhR/SqujMhkMv9C5bh25upyFEXdafp0MsXQIIheWhVZzn5VMOniyxFni/7s9LgQ=="],

    "@yuku-parser/binding-darwin-arm64": ["@yuku-parser/binding-darwin-arm64@0.9.3", "", { "os": "darwin", "cpu": "arm64" }, "sha512-hzKvKSKS7z3ufnu1VkQYEoxmS6A5uNnkwukKnc2atxpWdq648nLVOqut4h1jUXjbM2WcoTfuZLF6AHAGFf8cmg=="],

    "@yuku-parser/binding-darwin-x64": ["@yuku-parser/binding-darwin-x64@0.9.3", "", { "os": "darwin", "cpu": "x64" }, "sha512-OM2PiVlPATvzlj/KGHNlu+t8FC3YzM5joVNjhsz/EaigQ8x2UUQ1Q0agQLiv5GZ2L8TSzrLUwBCZ7YOvP8q+tw=="],

    "@yuku-parser/binding-freebsd-x64": ["@yuku-parser/binding-freebsd-x64@0.9.3", "", { "os": "freebsd", "cpu": "x64" }, "sha512-WMn9M4LHNVysGNwsAJ9gpRPqQIW2lcPrDNGcyk0agx3IYqCJq1MQugh6Be8Otc5U08eGdE39o8Kx9YWJmXz7GA=="],

    "@yuku-parser/binding-linux-arm-gnu": ["@yuku-parser/binding-linux-arm-gnu@0.9.3", "", { "os": "linux", "cpu": "arm" }, "sha512-vqKjwiyW1FWvbykYMEQIcAJwA17WxK3rxxqDuyCvQwcNVaLEUxI4BXiUdlF3kHucc7MnoFQhoRPkySgOzlLM+Q=="],

    "@yuku-parser/binding-linux-arm-musl": ["@yuku-parser/binding-linux-arm-musl@0.9.3", "", { "os": "linux", "cpu": "arm" }, "sha512-qohilhYOT+zkt2gYzym4F1T6BzRdvPqS9/sFB03pmnVV8LrvjOXVsGwEBAa3CEvzJKhAZjdTmVz7zsVdjyHWLg=="],

    "@yuku-parser/binding-linux-arm64-gnu": ["@yuku-parser/binding-linux-arm64-gnu@0.9.3", "", { "os": "linux", "cpu": "arm64" }, "sha512-tvTIyUvTGkeee68i4JIo9o27As+Ug6LXOZvElGgFbTs6+KBdb5LGhvugaIQljdfIsm2XnIbOLG6OnQSXHMLB9w=="],

    "@yuku-parser/binding-linux-arm64-musl": ["@yuku-parser/binding-linux-arm64-musl@0.9.3", "", { "os": "linux", "cpu": "arm64" }, "sha512-OWZBHW1wuChBpFlrF+On1yiBcFPMRrj2g0VKsM/PCBGffu1OM0ORkS+vLS3Snu6wYwndM5Dd9Ctvux6eUlrQjA=="],

    "@yuku-parser/binding-linux-x64-gnu": ["@yuku-parser/binding-linux-x64-gnu@0.9.3", "", { "os": "linux", "cpu": "x64" }, "sha512-/tbk1h0dlADOCngbiQO9V3SHwBIJkoGBq8BDEraSw2CC3nGxPEPTCCYUDp5738Ij2FxVwy1FWVuhFkHvpMrPbQ=="],

    "@yuku-parser/binding-linux-x64-musl": ["@yuku-parser/binding-linux-x64-musl@0.9.3", "", { "os": "linux", "cpu": "x64" }, "sha512-u3+0sCso/mcjDvtc3866D2giV7l34PDyDVBkMesAWa3DWbIWPlybehi2SSnmScgArV22ctqSSgUzdBBVJ6zYAg=="],

    "@yuku-parser/binding-win32-arm64": ["@yuku-parser/binding-win32-arm64@0.9.3", "", { "os": "win32", "cpu": "arm64" }, "sha512-xnGEvdhyjRkXozHtpXVpEEkyGZWAxJ3RoILv7XRV5SvTEztaTCk5GQyfcOzI9An/EJtcL4ERCI8QmS0TpDPJiA=="],

    "@yuku-parser/binding-win32-x64": ["@yuku-parser/binding-win32-x64@0.9.3", "", { "os": "win32", "cpu": "x64" }, "sha512-N5eShGcuwnrXEprePFmEjtng6acZmtnC4zgazK9xxkavcx1q1uX8Nz8lU5RS973EMlNr902cIc6Cd2D4tqZDBg=="],

    "@yuku-toolchain/types": ["@yuku-toolchain/types@0.9.3", "", {}, "sha512-rFE+5P4g2wxko5C85MugJOlVjBHEQq87dIkhLkniLXLp63PEtgaFjD954i5HXlfnyzLxPcZHsSOVDVgmo1HToA=="],

    "cac": ["cac@7.0.0", "", {}, "sha512-tixWYgm5ZoOD+3g6UTea91eow5z6AAHaho3g0V9CNSNb45gM8SmflpAc+GRd1InC4AqN/07Unrgp56Y94N9hJQ=="],

    "defu": ["defu@6.1.7", "", {}, "sha512-7z22QmUWiQ/2d0KkdYmANbRUVABpZ9SNYyH5vx6PZ+nE5bcC0l7uFvEfHlyld/HcGBFTL536ClDt3DEcSlEJAQ=="],

    "dts-resolver": ["dts-resolver@3.0.0", "", { "peerDependencies": { "oxc-resolver": ">=11.0.0" }, "optionalPeers": ["oxc-resolver"] }, "sha512-1T1f+z+4tl9XD+m+0HBgWoL/nm0bOIffyWaUuUSBlFg/86IWvfx+wjNaO/ybU0AJzG9/Mi5hBUgGV6zCmWEN7Q=="],

    "empathic": ["empathic@2.0.1", "", {}, "sha512-YGRs8knHhKHVShLkFET/rWAU8kmHbOV5LwN938RHI0pljAJ1Gf6SzXsSmRaEzcXTtOOmVqJ5+WtQPL5uigY50Q=="],

    "fdir": ["fdir@6.5.0", "", { "peerDependencies": { "picomatch": "^3 || ^4" }, "optionalPeers": ["picomatch"] }, "sha512-tIbYtZbucOs0BRGqPJkshJUYdL+SDH7dVM8gjy+ERp3WAUjLEFJE+02kanyHtwjWOnwrKYBiwAmM0p4kLJAnXg=="],

    "get-tsconfig": ["get-tsconfig@5.0.0-beta.6", "", { "dependencies": { "resolve-pkg-maps": "^1.0.0" } }, "sha512-X6fBC0pmImC70gvX2zm56go9hx0MyoGVdG0tUCkg/D+Xnh5TJsOZ7iDbOdI3PvmtrDxnu1YdDufpK2QJX1Meqw=="],

    "hookable": ["hookable@6.1.1", "", {}, "sha512-U9LYDy1CwhMCnprUfeAZWZGByVbhd54hwepegYTK7Pi5NvqEj63ifz5z+xukznehT7i6NIZRu89Ay1AZmRsLEQ=="],

    "import-without-cache": ["import-without-cache@0.4.0", "", {}, "sha512-NkJQA7oZ4YHQhd2+H3BoRFKF3d/XNsiKpHZCQEMH9pDX27hQQLsTyOocyRgaIVtf8gHX3Nt3LPkR4e5EdtPAGQ=="],

    "obug": ["obug@2.1.4", "", {}, "sha512-4a+OsYv9UktOJKE+l1A4OufDgdRF9PifWj+tJnHURo/P+WOxpG4GzUFL9qCalmWauao6ogiG+QvnCovwPoyAWA=="],

    "picomatch": ["picomatch@4.0.5", "", {}, "sha512-RvwwcruNjI1ncT5xRakeyS9Lf8lcItv34KD+aif+VH9kduAyfYBipGh12274xtenIPZ119/R9BdTBa8gAwSh0A=="],

    "quansync": ["quansync@1.0.0", "", {}, "sha512-5xZacEEufv3HSTPQuchrvV6soaiACMFnq1H8wkVioctoH3TRha9Sz66lOxRwPK/qZj7HPiSveih9yAyh98gvqA=="],

    "resolve-pkg-maps": ["resolve-pkg-maps@1.0.0", "", {}, "sha512-seS2Tj26TBVOC2NIc2rOe2y2ZO7efxITtLZcGSOnHHNOQ7CkiUBfw0Iw2ck6xkIhPwLhKNLS8BO+hEpngQlqzw=="],

    "rolldown": ["rolldown@1.2.8", "", { "dependencies": { "@oxc-project/types": "=0.149.0", "@rolldown/pluginutils": "^1.0.0" }, "optionalDependencies": { "@rolldown/binding-android-arm-eabi": "1.2.8", "@rolldown/binding-android-arm64": "1.2.8", "@rolldown/binding-darwin-arm64": "1.2.8", "@rolldown/binding-darwin-x64": "1.2.8", "@rolldown/binding-freebsd-x64": "1.2.8", "@rolldown/binding-linux-arm-gnueabihf": "1.2.8", "@rolldown/binding-linux-arm64-gnu": "1.2.8", "@rolldown/binding-linux-arm64-musl": "1.2.8", "@rolldown/binding-linux-ppc64-gnu": "1.2.8", "@rolldown/binding-linux-s390x-gnu": "1.2.8", "@rolldown/binding-linux-x64-gnu": "1.2.8", "@rolldown/binding-linux-x64-musl": "1.2.8", "@rolldown/binding-openharmony-arm64": "1.2.8", "@rolldown/binding-win32-arm64-msvc": "1.2.8", "@rolldown/binding-win32-x64-msvc": "1.2.8" }, "bin": { "rolldown": "./bin/cli.mjs" } }, "sha512-Z67nTmhZe7anqnM/EjI392w5i/ANUinjip7QYsOyN37oayduxt3ksdX0hf5OOamkAd53BiIHfbfSzfUmzKFQqQ=="],

    "rolldown-plugin-dts": ["rolldown-plugin-dts@0.28.5", "", { "dependencies": { "dts-resolver": "^3.0.0", "get-tsconfig": "5.0.0-beta.6", "obug": "^2.1.4", "yuku-ast": "^0.9.3", "yuku-codegen": "^0.9.3", "yuku-parser": "^0.9.3" }, "peerDependencies": { "@typescript/native-preview": "*", "@volar/typescript": "~2.4.0", "rolldown": "^1.2.0", "typescript": "^5.0.0 || ^6.0.0 || ~7.0.0", "vue-tsc": "~3.2.0 || ~3.3.0" }, "optionalPeers": ["@typescript/native-preview", "@volar/typescript", "typescript", "vue-tsc"] }, "sha512-yYd3C9CeJwqjOc9X23m0Tyxcqic491uLZlfg51szT287S8zCCqLR2uoySoElgqy2CLn7PdXcEo1dlkBs4n1WHg=="],

    "tinyexec": ["tinyexec@1.2.4", "", {}, "sha512-SHf/r48b7vOrjve9PxJo3MN5v5yuyjHvdUcrQffT3WXMUfnGmHDVbC4k3sHJaJTgZCwpUplIaAo5ANtMyp3YHg=="],

    "tinyglobby": ["tinyglobby@0.2.17", "", { "dependencies": { "fdir": "^6.5.0", "picomatch": "^4.0.4" } }, "sha512-wXR/dYpcqKmfWpEdZjiKJOwCNFndD0DMnrW/cYjVGttEkBfVgcLFHoNrlj47mjOVic9yyNu65alsgF4NQyTa2g=="],

    "tree-kill": ["tree-kill@1.2.2", "", { "bin": { "tree-kill": "cli.js" } }, "sha512-L0Orpi8qGpRG//Nd+H90vFB+3iHnue1zSSGmNOOCh1GLJ7rUKVwV2HvijphGQS2UmhUZewS9VgvxYIdgr+fG1A=="],

    "tsdown": ["tsdown@0.23.0", "", { "dependencies": { "cac": "^7.0.0", "defu": "^6.1.7", "empathic": "^2.0.1", "hookable": "^6.1.1", "import-without-cache": "^0.4.0", "obug": "^2.1.4", "picomatch": "^4.0.7", "rolldown": "~1.2.7", "rolldown-plugin-dts": "^0.28.5", "tinyexec": "^1.3.1", "tinyglobby": "^0.2.17", "tree-kill": "^1.2.2", "unconfig-core": "^7.5.0", "verkit": "^0.4.0" }, "peerDependencies": { "@arethetypeswrong/core": "^0.18.1", "@tsdown/css": "0.23.0", "@tsdown/exe": "0.23.0", "@vitejs/devtools": "*", "publint": "^0.3.8", "tsx": "*", "typescript": "^5.0.0 || ^6.0.0 || ^7.0.0", "unplugin-unused": ">=0.5.0", "unrun": "*" }, "optionalPeers": ["@arethetypeswrong/core", "@tsdown/css", "@tsdown/exe", "@vitejs/devtools", "publint", "tsx", "typescript", "unplugin-unused", "unrun"], "bin": { "tsdown": "./dist/run.mjs" } }, "sha512-BaT+ep1xnj5hdyICLd5r5SYYE+TXnI1ATePLykv9vcKpHpFTWUWRH+x1AF/E2qcu3YB6+vI8IdyxIIIffEqw5Q=="],

    "unconfig-core": ["unconfig-core@7.5.0", "", { "dependencies": { "@quansync/fs": "^1.0.0", "quansync": "^1.0.0" } }, "sha512-Su3FauozOGP44ZmKdHy2oE6LPjk51M/TRRjHv2HNCWiDvfvCoxC2lno6jevMA91MYAdCdwP05QnWdWpSbncX/w=="],

    "usts": ["usts@workspace:packages/usts"],

    "verkit": ["verkit@0.4.0", "", {}, "sha512-sXMwN6DMHeouPfCxkxWkKAmxphWKEenHYY5H1nIBzU3PmDsmJp6kBXJdshjVdpMZuWCmL9SH7KFRx29AylpP6g=="],

    "yuku-ast": ["yuku-ast@0.9.3", "", { "dependencies": { "@yuku-toolchain/types": "^0.9.3" } }, "sha512-Kt0PXlPCXdKF1fWFTl7N3DaxsVk6DHF8VAXHJMkwPtJnWYgbx20pYgGSweuC/86mIM7k1NUITQ4JffgOLUWTCw=="],

    "yuku-codegen": ["yuku-codegen@0.9.3", "", { "dependencies": { "@yuku-toolchain/types": "^0.9.3" }, "optionalDependencies": { "@yuku-codegen/binding-android-arm64": "0.9.3", "@yuku-codegen/binding-darwin-arm64": "0.9.3", "@yuku-codegen/binding-darwin-x64": "0.9.3", "@yuku-codegen/binding-freebsd-x64": "0.9.3", "@yuku-codegen/binding-linux-arm-gnu": "0.9.3", "@yuku-codegen/binding-linux-arm-musl": "0.9.3", "@yuku-codegen/binding-linux-arm64-gnu": "0.9.3", "@yuku-codegen/binding-linux-arm64-musl": "0.9.3", "@yuku-codegen/binding-linux-x64-gnu": "0.9.3", "@yuku-codegen/binding-linux-x64-musl": "0.9.3", "@yuku-codegen/binding-win32-arm64": "0.9.3", "@yuku-codegen/binding-win32-x64": "0.9.3" } }, "sha512-7oTWwetHiMSyrVPFb8089lBBqkU1gaeQZyumNBJ0t5hocMQRaWhnMeSXTz7J1xm/rcw9+ePsajORdZbub2C35w=="],

    "yuku-parser": ["yuku-parser@0.9.3", "", { "dependencies": { "@yuku-toolchain/types": "^0.9.3", "yuku-ast": "^0.9.3" }, "optionalDependencies": { "@yuku-parser/binding-android-arm64": "0.9.3", "@yuku-parser/binding-darwin-arm64": "0.9.3", "@yuku-parser/binding-darwin-x64": "0.9.3", "@yuku-parser/binding-freebsd-x64": "0.9.3", "@yuku-parser/binding-linux-arm-gnu": "0.9.3", "@yuku-parser/binding-linux-arm-musl": "0.9.3", "@yuku-parser/binding-linux-arm64-gnu": "0.9.3", "@yuku-parser/binding-linux-arm64-musl": "0.9.3", "@yuku-parser/binding-linux-x64-gnu": "0.9.3", "@yuku-parser/binding-linux-x64-musl": "0.9.3", "@yuku-parser/binding-win32-arm64": "0.9.3", "@yuku-parser/binding-win32-x64": "0.9.3" } }, "sha512-96wPoHnwaXfkZv7UIOUkDb+s7ZH8lv8Qtg+MxdvHUV1LFa5jV9iKOaams1942YQt+krFQrWiD6lSg2ermv5kHA=="],

    "zod": ["zod@4.4.3", "", {}, "sha512-ytENFjIJFl2UwYglde2jchW2Hwm4GJFLDiSXWdTrJQBIN9Fcyp7n4DhxJEiWNAJMV1/BqWfW/kkg71UDcHJyTQ=="],
  }
}
